// !$*UTF8*$!
{
	archiveVersion = 1;
	classes = {
	};
	objectVersion = 46;
	objects = {

/* Begin PBXBuildFile section */
		42631F791DF8652400FEF5AF /* ReactionSDK.framework in Frameworks */ = {isa = PBXBuildFile; fileRef = 42631F781DF8652400FEF5AF /* ReactionSDK.framework */; };
		42631F7A1DF8652400FEF5AF /* ReactionSDK.framework in Embed Frameworks */ = {isa = PBXBuildFile; fileRef = 42631F781DF8652400FEF5AF /* ReactionSDK.framework */; settings = {ATTRIBUTES = (CodeSignOnCopy, RemoveHeadersOnCopy, ); }; };
		42B79FD51DA7A3CE003291B3 /* ViewInfo.swift in Sources */ = {isa = PBXBuildFile; fileRef = 42B79FD31DA7A3CE003291B3 /* ViewInfo.swift */; };
		42B79FD61DA7A3CE003291B3 /* ViewInfo.xib in Resources */ = {isa = PBXBuildFile; fileRef = 42B79FD41DA7A3CE003291B3 /* ViewInfo.xib */; };
		42D16B851D92B1290094E457 /* AppDelegate.swift in Sources */ = {isa = PBXBuildFile; fileRef = 42D16B841D92B1290094E457 /* AppDelegate.swift */; };
		42D16B871D92B1290094E457 /* ViewController.swift in Sources */ = {isa = PBXBuildFile; fileRef = 42D16B861D92B1290094E457 /* ViewController.swift */; };
		42D16B8A1D92B1290094E457 /* Main.storyboard in Resources */ = {isa = PBXBuildFile; fileRef = 42D16B881D92B1290094E457 /* Main.storyboard */; };
		42D16B8C1D92B1290094E457 /* Assets.xcassets in Resources */ = {isa = PBXBuildFile; fileRef = 42D16B8B1D92B1290094E457 /* Assets.xcassets */; };
		42D16B8F1D92B1290094E457 /* LaunchScreen.storyboard in Resources */ = {isa = PBXBuildFile; fileRef = 42D16B8D1D92B1290094E457 /* LaunchScreen.storyboard */; };
		42D16B9A1D92B1290094E457 /* ReactionSDKExampleTests.swift in Sources */ = {isa = PBXBuildFile; fileRef = 42D16B991D92B1290094E457 /* ReactionSDKExampleTests.swift */; };
		42D16BB21D92B2C90094E457 /* GoogleService-Info.plist in Resources */ = {isa = PBXBuildFile; fileRef = 42D16BB11D92B2C90094E457 /* GoogleService-Info.plist */; };
		6523E8BD93D433E3196AC823 /* Pods_ReactionSDKExample.framework in Frameworks */ = {isa = PBXBuildFile; fileRef = 026BD51FC275E3194ADE1E28 /* Pods_ReactionSDKExample.framework */; };
/* End PBXBuildFile section */

/* Begin PBXContainerItemProxy section */
		42D16B961D92B1290094E457 /* PBXContainerItemProxy */ = {
			isa = PBXContainerItemProxy;
			containerPortal = 42D16B791D92B1290094E457 /* Project object */;
			proxyType = 1;
			remoteGlobalIDString = 42D16B801D92B1290094E457;
			remoteInfo = ReactionSDKExample;
		};
/* End PBXContainerItemProxy section */

/* Begin PBXCopyFilesBuildPhase section */
		42DB28851DB4C96500B8E755 /* Embed Frameworks */ = {
			isa = PBXCopyFilesBuildPhase;
			buildActionMask = 2147483647;
			dstPath = "";
			dstSubfolderSpec = 10;
			files = (
				42631F7A1DF8652400FEF5AF /* ReactionSDK.framework in Embed Frameworks */,
			);
			name = "Embed Frameworks";
			runOnlyForDeploymentPostprocessing = 0;
		};
/* End PBXCopyFilesBuildPhase section */

/* Begin PBXFileReference section */
		026BD51FC275E3194ADE1E28 /* Pods_ReactionSDKExample.framework */ = {isa = PBXFileReference; explicitFileType = wrapper.framework; includeInIndex = 0; path = Pods_ReactionSDKExample.framework; sourceTree = BUILT_PRODUCTS_DIR; };
		1C5C54231E6E15B9C9B24D1A /* Pods-ReactionSDKExample.debug.xcconfig */ = {isa = PBXFileReference; includeInIndex = 1; lastKnownFileType = text.xcconfig; name = "Pods-ReactionSDKExample.debug.xcconfig"; path = "Pods/Target Support Files/Pods-ReactionSDKExample/Pods-ReactionSDKExample.debug.xcconfig"; sourceTree = "<group>"; };
		424EE48C1DF83FA700F05369 /* ReActionSDK.framework */ = {isa = PBXFileReference; lastKnownFileType = wrapper.framework; name = ReActionSDK.framework; path = "Pods/../build/Debug-iphoneos/ReActionSDK/ReActionSDK.framework"; sourceTree = "<group>"; };
		42631F621DF85DC800FEF5AF /* libReActionSDK.a */ = {isa = PBXFileReference; lastKnownFileType = archive.ar; name = libReActionSDK.a; path = "../../../../../../../Library/Developer/Xcode/DerivedData/ReactionSDKExample-auqmokvbbjxqanbohiggtlmnvxte/Build/Products/Debug-iphoneos/ReActionSDK/libReActionSDK.a"; sourceTree = "<group>"; };
		42631F691DF8606800FEF5AF /* libAtomSDK.a */ = {isa = PBXFileReference; lastKnownFileType = archive.ar; name = libAtomSDK.a; path = "../../../../../../../Library/Developer/Xcode/DerivedData/ReactionSDKExample-auqmokvbbjxqanbohiggtlmnvxte/Build/Products/Debug-iphoneos/AtomSDK/libAtomSDK.a"; sourceTree = "<group>"; };
		42631F6A1DF8606800FEF5AF /* libsqlite3.a */ = {isa = PBXFileReference; lastKnownFileType = archive.ar; name = libsqlite3.a; path = "../../../../../../../Library/Developer/Xcode/DerivedData/ReactionSDKExample-auqmokvbbjxqanbohiggtlmnvxte/Build/Products/Debug-iphoneos/sqlite3/libsqlite3.a"; sourceTree = "<group>"; };
		42631F721DF864E000FEF5AF /* ReactionSDK.framework */ = {isa = PBXFileReference; lastKnownFileType = wrapper.framework; name = ReactionSDK.framework; path = lib/ReactionSDK.framework; sourceTree = "<group>"; };
		42631F741DF8650A00FEF5AF /* AtomSDK.framework */ = {isa = PBXFileReference; lastKnownFileType = wrapper.framework; name = AtomSDK.framework; path = "../../../../../../../Library/Developer/Xcode/DerivedData/ReactionSDKExample-auqmokvbbjxqanbohiggtlmnvxte/Build/Products/Debug-iphoneos/AtomSDK/AtomSDK.framework"; sourceTree = "<group>"; };
		42631F751DF8650A00FEF5AF /* sqlite3.framework */ = {isa = PBXFileReference; lastKnownFileType = wrapper.framework; name = sqlite3.framework; path = "../../../../../../../Library/Developer/Xcode/DerivedData/ReactionSDKExample-auqmokvbbjxqanbohiggtlmnvxte/Build/Products/Debug-iphoneos/sqlite3/sqlite3.framework"; sourceTree = "<group>"; };
		42631F781DF8652400FEF5AF /* ReactionSDK.framework */ = {isa = PBXFileReference; lastKnownFileType = wrapper.framework; name = ReactionSDK.framework; path = lib/ReactionSDK.framework; sourceTree = "<group>"; };
		4285802F1DA27BC4000EF4B7 /* ReactionSDKExample.entitlements */ = {isa = PBXFileReference; lastKnownFileType = text.plist.entitlements; path = ReactionSDKExample.entitlements; sourceTree = "<group>"; };
		42B79FD31DA7A3CE003291B3 /* ViewInfo.swift */ = {isa = PBXFileReference; fileEncoding = 4; lastKnownFileType = sourcecode.swift; path = ViewInfo.swift; sourceTree = "<group>"; };
		42B79FD41DA7A3CE003291B3 /* ViewInfo.xib */ = {isa = PBXFileReference; fileEncoding = 4; lastKnownFileType = file.xib; path = ViewInfo.xib; sourceTree = "<group>"; };
		42D16B811D92B1290094E457 /* ReactionSDKExample.app */ = {isa = PBXFileReference; explicitFileType = wrapper.application; includeInIndex = 0; path = ReactionSDKExample.app; sourceTree = BUILT_PRODUCTS_DIR; };
		42D16B841D92B1290094E457 /* AppDelegate.swift */ = {isa = PBXFileReference; lastKnownFileType = sourcecode.swift; path = AppDelegate.swift; sourceTree = "<group>"; };
		42D16B861D92B1290094E457 /* ViewController.swift */ = {isa = PBXFileReference; lastKnownFileType = sourcecode.swift; path = ViewController.swift; sourceTree = "<group>"; };
		42D16B891D92B1290094E457 /* Base */ = {isa = PBXFileReference; lastKnownFileType = file.storyboard; name = Base; path = Base.lproj/Main.storyboard; sourceTree = "<group>"; };
		42D16B8B1D92B1290094E457 /* Assets.xcassets */ = {isa = PBXFileReference; lastKnownFileType = folder.assetcatalog; path = Assets.xcassets; sourceTree = "<group>"; };
		42D16B8E1D92B1290094E457 /* Base */ = {isa = PBXFileReference; lastKnownFileType = file.storyboard; name = Base; path = Base.lproj/LaunchScreen.storyboard; sourceTree = "<group>"; };
		42D16B901D92B1290094E457 /* Info.plist */ = {isa = PBXFileReference; lastKnownFileType = text.plist.xml; path = Info.plist; sourceTree = "<group>"; };
		42D16B951D92B1290094E457 /* ReactionSDKExampleTests.xctest */ = {isa = PBXFileReference; explicitFileType = wrapper.cfbundle; includeInIndex = 0; path = ReactionSDKExampleTests.xctest; sourceTree = BUILT_PRODUCTS_DIR; };
		42D16B991D92B1290094E457 /* ReactionSDKExampleTests.swift */ = {isa = PBXFileReference; lastKnownFileType = sourcecode.swift; path = ReactionSDKExampleTests.swift; sourceTree = "<group>"; };
		42D16B9B1D92B1290094E457 /* Info.plist */ = {isa = PBXFileReference; lastKnownFileType = text.plist.xml; path = Info.plist; sourceTree = "<group>"; };
		42D16BB11D92B2C90094E457 /* GoogleService-Info.plist */ = {isa = PBXFileReference; fileEncoding = 4; lastKnownFileType = text.plist.xml; path = "GoogleService-Info.plist"; sourceTree = "<group>"; };
		67ED621CCA422146B1570E5B /* Pods-ReactionSDKExample.release.xcconfig */ = {isa = PBXFileReference; includeInIndex = 1; lastKnownFileType = text.xcconfig; name = "Pods-ReactionSDKExample.release.xcconfig"; path = "Pods/Target Support Files/Pods-ReactionSDKExample/Pods-ReactionSDKExample.release.xcconfig"; sourceTree = "<group>"; };
/* End PBXFileReference section */

/* Begin PBXFrameworksBuildPhase section */
		42D16B7E1D92B1290094E457 /* Frameworks */ = {
			isa = PBXFrameworksBuildPhase;
			buildActionMask = 2147483647;
			files = (
				42631F791DF8652400FEF5AF /* ReactionSDK.framework in Frameworks */,
				6523E8BD93D433E3196AC823 /* Pods_ReactionSDKExample.framework in Frameworks */,
			);
			runOnlyForDeploymentPostprocessing = 0;
		};
		42D16B921D92B1290094E457 /* Frameworks */ = {
			isa = PBXFrameworksBuildPhase;
			buildActionMask = 2147483647;
			files = (
			);
			runOnlyForDeploymentPostprocessing = 0;
		};
/* End PBXFrameworksBuildPhase section */

/* Begin PBXGroup section */
		42D16B781D92B1290094E457 = {
			isa = PBXGroup;
			children = (
				42631F781DF8652400FEF5AF /* ReactionSDK.framework */,
				42D16BB11D92B2C90094E457 /* GoogleService-Info.plist */,
				42D16B831D92B1290094E457 /* ReactionSDKExample */,
				42D16B981D92B1290094E457 /* ReactionSDKExampleTests */,
				42D16B821D92B1290094E457 /* Products */,
				7B97218345233986AB8E37B8 /* Pods */,
				EEE6AB81465FF64EB12358F8 /* Frameworks */,
			);
			sourceTree = "<group>";
		};
		42D16B821D92B1290094E457 /* Products */ = {
			isa = PBXGroup;
			children = (
				42D16B811D92B1290094E457 /* ReactionSDKExample.app */,
				42D16B951D92B1290094E457 /* ReactionSDKExampleTests.xctest */,
			);
			name = Products;
			sourceTree = "<group>";
		};
		42D16B831D92B1290094E457 /* ReactionSDKExample */ = {
			isa = PBXGroup;
			children = (
				4285802F1DA27BC4000EF4B7 /* ReactionSDKExample.entitlements */,
				42D16B841D92B1290094E457 /* AppDelegate.swift */,
				42D16B861D92B1290094E457 /* ViewController.swift */,
				42D16B881D92B1290094E457 /* Main.storyboard */,
				42D16B8B1D92B1290094E457 /* Assets.xcassets */,
				42D16B8D1D92B1290094E457 /* LaunchScreen.storyboard */,
				42D16B901D92B1290094E457 /* Info.plist */,
				42B79FD31DA7A3CE003291B3 /* ViewInfo.swift */,
				42B79FD41DA7A3CE003291B3 /* ViewInfo.xib */,
			);
			path = ReactionSDKExample;
			sourceTree = "<group>";
		};
		42D16B981D92B1290094E457 /* ReactionSDKExampleTests */ = {
			isa = PBXGroup;
			children = (
				42D16B991D92B1290094E457 /* ReactionSDKExampleTests.swift */,
				42D16B9B1D92B1290094E457 /* Info.plist */,
			);
			path = ReactionSDKExampleTests;
			sourceTree = "<group>";
		};
		7B97218345233986AB8E37B8 /* Pods */ = {
			isa = PBXGroup;
			children = (
				1C5C54231E6E15B9C9B24D1A /* Pods-ReactionSDKExample.debug.xcconfig */,
				67ED621CCA422146B1570E5B /* Pods-ReactionSDKExample.release.xcconfig */,
			);
			name = Pods;
			sourceTree = "<group>";
		};
		EEE6AB81465FF64EB12358F8 /* Frameworks */ = {
			isa = PBXGroup;
			children = (
				42631F741DF8650A00FEF5AF /* AtomSDK.framework */,
				42631F751DF8650A00FEF5AF /* sqlite3.framework */,
				42631F721DF864E000FEF5AF /* ReactionSDK.framework */,
				42631F691DF8606800FEF5AF /* libAtomSDK.a */,
				42631F6A1DF8606800FEF5AF /* libsqlite3.a */,
				42631F621DF85DC800FEF5AF /* libReActionSDK.a */,
				424EE48C1DF83FA700F05369 /* ReActionSDK.framework */,
				026BD51FC275E3194ADE1E28 /* Pods_ReactionSDKExample.framework */,
			);
			name = Frameworks;
			sourceTree = "<group>";
		};
/* End PBXGroup section */

/* Begin PBXNativeTarget section */
		42D16B801D92B1290094E457 /* ReactionSDKExample */ = {
			isa = PBXNativeTarget;
			buildConfigurationList = 42D16B9E1D92B1290094E457 /* Build configuration list for PBXNativeTarget "ReactionSDKExample" */;
			buildPhases = (
				DACB1D616F9E6F5824EAAAAF /* [CP] Check Pods Manifest.lock */,
				42D16B7D1D92B1290094E457 /* Sources */,
				42D16B7E1D92B1290094E457 /* Frameworks */,
				42D16B7F1D92B1290094E457 /* Resources */,
				2D89C5A5F6BB6209CE849C93 /* [CP] Embed Pods Frameworks */,
				D0F3EA3A2E55D01B2ABACFD1 /* [CP] Copy Pods Resources */,
				42DB28851DB4C96500B8E755 /* Embed Frameworks */,
			);
			buildRules = (
			);
			dependencies = (
			);
			name = ReactionSDKExample;
			productName = ReactionSDKExample;
			productReference = 42D16B811D92B1290094E457 /* ReactionSDKExample.app */;
			productType = "com.apple.product-type.application";
		};
		42D16B941D92B1290094E457 /* ReactionSDKExampleTests */ = {
			isa = PBXNativeTarget;
			buildConfigurationList = 42D16BA11D92B1290094E457 /* Build configuration list for PBXNativeTarget "ReactionSDKExampleTests" */;
			buildPhases = (
				42D16B911D92B1290094E457 /* Sources */,
				42D16B921D92B1290094E457 /* Frameworks */,
				42D16B931D92B1290094E457 /* Resources */,
			);
			buildRules = (
			);
			dependencies = (
				42D16B971D92B1290094E457 /* PBXTargetDependency */,
			);
			name = ReactionSDKExampleTests;
			productName = ReactionSDKExampleTests;
			productReference = 42D16B951D92B1290094E457 /* ReactionSDKExampleTests.xctest */;
			productType = "com.apple.product-type.bundle.unit-test";
		};
/* End PBXNativeTarget section */

/* Begin PBXProject section */
		42D16B791D92B1290094E457 /* Project object */ = {
			isa = PBXProject;
			attributes = {
				LastSwiftUpdateCheck = 0730;
				LastUpgradeCheck = 0800;
				ORGANIZATIONNAME = ReAction;
				TargetAttributes = {
					42D16B801D92B1290094E457 = {
						CreatedOnToolsVersion = 7.3.1;
						DevelopmentTeam = UYFV8VN697;
						LastSwiftMigration = 0800;
						SystemCapabilities = {
							com.apple.BackgroundModes = {
								enabled = 1;
							};
							com.apple.Push = {
								enabled = 1;
							};
						};
					};
					42D16B941D92B1290094E457 = {
						CreatedOnToolsVersion = 7.3.1;
						LastSwiftMigration = 0800;
						TestTargetID = 42D16B801D92B1290094E457;
					};
				};
			};
			buildConfigurationList = 42D16B7C1D92B1290094E457 /* Build configuration list for PBXProject "ReactionSDKExample" */;
			compatibilityVersion = "Xcode 3.2";
			developmentRegion = English;
			hasScannedForEncodings = 0;
			knownRegions = (
				en,
				Base,
			);
			mainGroup = 42D16B781D92B1290094E457;
			productRefGroup = 42D16B821D92B1290094E457 /* Products */;
			projectDirPath = "";
			projectRoot = "";
			targets = (
				42D16B801D92B1290094E457 /* ReactionSDKExample */,
				42D16B941D92B1290094E457 /* ReactionSDKExampleTests */,
			);
		};
/* End PBXProject section */

/* Begin PBXResourcesBuildPhase section */
		42D16B7F1D92B1290094E457 /* Resources */ = {
			isa = PBXResourcesBuildPhase;
			buildActionMask = 2147483647;
			files = (
				42D16B8F1D92B1290094E457 /* LaunchScreen.storyboard in Resources */,
				42D16BB21D92B2C90094E457 /* GoogleService-Info.plist in Resources */,
				42B79FD61DA7A3CE003291B3 /* ViewInfo.xib in Resources */,
				42D16B8C1D92B1290094E457 /* Assets.xcassets in Resources */,
				42D16B8A1D92B1290094E457 /* Main.storyboard in Resources */,
			);
			runOnlyForDeploymentPostprocessing = 0;
		};
		42D16B931D92B1290094E457 /* Resources */ = {
			isa = PBXResourcesBuildPhase;
			buildActionMask = 2147483647;
			files = (
			);
			runOnlyForDeploymentPostprocessing = 0;
		};
/* End PBXResourcesBuildPhase section */

/* Begin PBXShellScriptBuildPhase section */
		2D89C5A5F6BB6209CE849C93 /* [CP] Embed Pods Frameworks */ = {
			isa = PBXShellScriptBuildPhase;
			buildActionMask = 2147483647;
			files = (
			);
			inputPaths = (
			);
			name = "[CP] Embed Pods Frameworks";
			outputPaths = (
			);
			runOnlyForDeploymentPostprocessing = 0;
			shellPath = /bin/sh;
			shellScript = "\"${SRCROOT}/Pods/Target Support Files/Pods-ReactionSDKExample/Pods-ReactionSDKExample-frameworks.sh\"\n";
			showEnvVarsInLog = 0;
		};
		D0F3EA3A2E55D01B2ABACFD1 /* [CP] Copy Pods Resources */ = {
			isa = PBXShellScriptBuildPhase;
			buildActionMask = 2147483647;
			files = (
			);
			inputPaths = (
			);
			name = "[CP] Copy Pods Resources";
			outputPaths = (
			);
			runOnlyForDeploymentPostprocessing = 0;
			shellPath = /bin/sh;
			shellScript = "\"${SRCROOT}/Pods/Target Support Files/Pods-ReactionSDKExample/Pods-ReactionSDKExample-resources.sh\"\n";
			showEnvVarsInLog = 0;
		};
		DACB1D616F9E6F5824EAAAAF /* [CP] Check Pods Manifest.lock */ = {
			isa = PBXShellScriptBuildPhase;
			buildActionMask = 2147483647;
			files = (
			);
			inputPaths = (
			);
			name = "[CP] Check Pods Manifest.lock";
			outputPaths = (
			);
			runOnlyForDeploymentPostprocessing = 0;
			shellPath = /bin/sh;
			shellScript = "diff \"${PODS_ROOT}/../Podfile.lock\" \"${PODS_ROOT}/Manifest.lock\" > /dev/null\nif [ $? != 0 ] ; then\n    # print error to STDERR\n    echo \"error: The sandbox is not in sync with the Podfile.lock. Run 'pod install' or update your CocoaPods installation.\" >&2\n    exit 1\nfi\n";
			showEnvVarsInLog = 0;
		};
/* End PBXShellScriptBuildPhase section */

/* Begin PBXSourcesBuildPhase section */
		42D16B7D1D92B1290094E457 /* Sources */ = {
			isa = PBXSourcesBuildPhase;
			buildActionMask = 2147483647;
			files = (
				42D16B871D92B1290094E457 /* ViewController.swift in Sources */,
				42D16B851D92B1290094E457 /* AppDelegate.swift in Sources */,
				42B79FD51DA7A3CE003291B3 /* ViewInfo.swift in Sources */,
			);
			runOnlyForDeploymentPostprocessing = 0;
		};
		42D16B911D92B1290094E457 /* Sources */ = {
			isa = PBXSourcesBuildPhase;
			buildActionMask = 2147483647;
			files = (
				42D16B9A1D92B1290094E457 /* ReactionSDKExampleTests.swift in Sources */,
			);
			runOnlyForDeploymentPostprocessing = 0;
		};
/* End PBXSourcesBuildPhase section */

/* Begin PBXTargetDependency section */
		42D16B971D92B1290094E457 /* PBXTargetDependency */ = {
			isa = PBXTargetDependency;
			target = 42D16B801D92B1290094E457 /* ReactionSDKExample */;
			targetProxy = 42D16B961D92B1290094E457 /* PBXContainerItemProxy */;
		};
/* End PBXTargetDependency section */

/* Begin PBXVariantGroup section */
		42D16B881D92B1290094E457 /* Main.storyboard */ = {
			isa = PBXVariantGroup;
			children = (
				42D16B891D92B1290094E457 /* Base */,
			);
			name = Main.storyboard;
			sourceTree = "<group>";
		};
		42D16B8D1D92B1290094E457 /* LaunchScreen.storyboard */ = {
			isa = PBXVariantGroup;
			children = (
				42D16B8E1D92B1290094E457 /* Base */,
			);
			name = LaunchScreen.storyboard;
			sourceTree = "<group>";
		};
/* End PBXVariantGroup section */

/* Begin XCBuildConfiguration section */
		42D16B9C1D92B1290094E457 /* Debug */ = {
			isa = XCBuildConfiguration;
			buildSettings = {
				ALWAYS_SEARCH_USER_PATHS = NO;
				CLANG_ALLOW_NON_MODULAR_INCLUDES_IN_FRAMEWORK_MODULES = YES;
				CLANG_ANALYZER_NONNULL = YES;
				CLANG_CXX_LANGUAGE_STANDARD = "gnu++0x";
				CLANG_CXX_LIBRARY = "libc++";
				CLANG_ENABLE_MODULES = YES;
				CLANG_ENABLE_OBJC_ARC = YES;
				CLANG_WARN_BOOL_CONVERSION = YES;
				CLANG_WARN_CONSTANT_CONVERSION = YES;
				CLANG_WARN_DIRECT_OBJC_ISA_USAGE = YES_ERROR;
				CLANG_WARN_EMPTY_BODY = YES;
				CLANG_WARN_ENUM_CONVERSION = YES;
				CLANG_WARN_INFINITE_RECURSION = YES;
				CLANG_WARN_INT_CONVERSION = YES;
				CLANG_WARN_OBJC_ROOT_CLASS = YES_ERROR;
				CLANG_WARN_SUSPICIOUS_MOVE = YES;
				CLANG_WARN_UNREACHABLE_CODE = YES;
				CLANG_WARN__DUPLICATE_METHOD_MATCH = YES;
				"CODE_SIGN_IDENTITY[sdk=iphoneos*]" = "iPhone Developer";
				COPY_PHASE_STRIP = NO;
				DEBUG_INFORMATION_FORMAT = dwarf;
				ENABLE_STRICT_OBJC_MSGSEND = YES;
				ENABLE_TESTABILITY = YES;
				GCC_C_LANGUAGE_STANDARD = gnu99;
				GCC_DYNAMIC_NO_PIC = NO;
				GCC_NO_COMMON_BLOCKS = YES;
				GCC_OPTIMIZATION_LEVEL = 0;
				GCC_PREPROCESSOR_DEFINITIONS = (
					"DEBUG=1",
					"$(inherited)",
				);
				GCC_WARN_64_TO_32_BIT_CONVERSION = YES;
				GCC_WARN_ABOUT_RETURN_TYPE = YES_ERROR;
				GCC_WARN_UNDECLARED_SELECTOR = YES;
				GCC_WARN_UNINITIALIZED_AUTOS = YES_AGGRESSIVE;
				GCC_WARN_UNUSED_FUNCTION = YES;
				GCC_WARN_UNUSED_VARIABLE = YES;
				IPHONEOS_DEPLOYMENT_TARGET = 8.0;
				MTL_ENABLE_DEBUG_INFO = YES;
				ONLY_ACTIVE_ARCH = YES;
				SDKROOT = iphoneos;
				SWIFT_OPTIMIZATION_LEVEL = "-Onone";
				TARGETED_DEVICE_FAMILY = "1,2";
			};
			name = Debug;
		};
		42D16B9D1D92B1290094E457 /* Release */ = {
			isa = XCBuildConfiguration;
			buildSettings = {
				ALWAYS_SEARCH_USER_PATHS = NO;
				CLANG_ALLOW_NON_MODULAR_INCLUDES_IN_FRAMEWORK_MODULES = YES;
				CLANG_ANALYZER_NONNULL = YES;
				CLANG_CXX_LANGUAGE_STANDARD = "gnu++0x";
				CLANG_CXX_LIBRARY = "libc++";
				CLANG_ENABLE_MODULES = YES;
				CLANG_ENABLE_OBJC_ARC = YES;
				CLANG_WARN_BOOL_CONVERSION = YES;
				CLANG_WARN_CONSTANT_CONVERSION = YES;
				CLANG_WARN_DIRECT_OBJC_ISA_USAGE = YES_ERROR;
				CLANG_WARN_EMPTY_BODY = YES;
				CLANG_WARN_ENUM_CONVERSION = YES;
				CLANG_WARN_INFINITE_RECURSION = YES;
				CLANG_WARN_INT_CONVERSION = YES;
				CLANG_WARN_OBJC_ROOT_CLASS = YES_ERROR;
				CLANG_WARN_SUSPICIOUS_MOVE = YES;
				CLANG_WARN_UNREACHABLE_CODE = YES;
				CLANG_WARN__DUPLICATE_METHOD_MATCH = YES;
				"CODE_SIGN_IDENTITY[sdk=iphoneos*]" = "iPhone Developer";
				COPY_PHASE_STRIP = NO;
				DEBUG_INFORMATION_FORMAT = "dwarf-with-dsym";
				ENABLE_NS_ASSERTIONS = NO;
				ENABLE_STRICT_OBJC_MSGSEND = YES;
				GCC_C_LANGUAGE_STANDARD = gnu99;
				GCC_NO_COMMON_BLOCKS = YES;
				GCC_WARN_64_TO_32_BIT_CONVERSION = YES;
				GCC_WARN_ABOUT_RETURN_TYPE = YES_ERROR;
				GCC_WARN_UNDECLARED_SELECTOR = YES;
				GCC_WARN_UNINITIALIZED_AUTOS = YES_AGGRESSIVE;
				GCC_WARN_UNUSED_FUNCTION = YES;
				GCC_WARN_UNUSED_VARIABLE = YES;
				IPHONEOS_DEPLOYMENT_TARGET = 8.0;
				MTL_ENABLE_DEBUG_INFO = NO;
				SDKROOT = iphoneos;
				SWIFT_OPTIMIZATION_LEVEL = "-Owholemodule";
				TARGETED_DEVICE_FAMILY = "1,2";
				VALIDATE_PRODUCT = YES;
			};
			name = Release;
		};
		42D16B9F1D92B1290094E457 /* Debug */ = {
			isa = XCBuildConfiguration;
			baseConfigurationReference = 1C5C54231E6E15B9C9B24D1A /* Pods-ReactionSDKExample.debug.xcconfig */;
			buildSettings = {
				ASSETCATALOG_COMPILER_APPICON_NAME = AppIcon;
				CLANG_ALLOW_NON_MODULAR_INCLUDES_IN_FRAMEWORK_MODULES = YES;
				CODE_SIGN_ENTITLEMENTS = ReactionSDKExample/ReactionSDKExample.entitlements;
				DEVELOPMENT_TEAM = UYFV8VN697;
				FRAMEWORK_SEARCH_PATHS = (
					"$(inherited)",
					"$(PROJECT_DIR)/lib",
				);
				GCC_WARN_ABOUT_INVALID_OFFSETOF_MACRO = NO;
				INFOPLIST_FILE = ReactionSDKExample/Info.plist;
				IPHONEOS_DEPLOYMENT_TARGET = 8.0;
				LD_RUNPATH_SEARCH_PATHS = "$(inherited) @executable_path/Frameworks";
				OTHER_LDFLAGS = "$(inherited)";
				PRODUCT_BUNDLE_IDENTIFIER = com.reaction.test;
				PRODUCT_NAME = "$(TARGET_NAME)";
				SWIFT_OBJC_BRIDGING_HEADER = "";
				SWIFT_VERSION = 2.3;
				TARGETED_DEVICE_FAMILY = "1,2";
			};
			name = Debug;
		};
		42D16BA01D92B1290094E457 /* Release */ = {
			isa = XCBuildConfiguration;
			baseConfigurationReference = 67ED621CCA422146B1570E5B /* Pods-ReactionSDKExample.release.xcconfig */;
			buildSettings = {
				ASSETCATALOG_COMPILER_APPICON_NAME = AppIcon;
				CLANG_ALLOW_NON_MODULAR_INCLUDES_IN_FRAMEWORK_MODULES = YES;
				CODE_SIGN_ENTITLEMENTS = ReactionSDKExample/ReactionSDKExample.entitlements;
				DEVELOPMENT_TEAM = UYFV8VN697;
				FRAMEWORK_SEARCH_PATHS = (
					"$(inherited)",
					"$(PROJECT_DIR)/lib",
				);
				GCC_WARN_ABOUT_INVALID_OFFSETOF_MACRO = NO;
				INFOPLIST_FILE = ReactionSDKExample/Info.plist;
				IPHONEOS_DEPLOYMENT_TARGET = 8.0;
				LD_RUNPATH_SEARCH_PATHS = "$(inherited) @executable_path/Frameworks";
				OTHER_LDFLAGS = "$(inherited)";
				PRODUCT_BUNDLE_IDENTIFIER = com.reaction.test;
				PRODUCT_NAME = "$(TARGET_NAME)";
				SWIFT_OBJC_BRIDGING_HEADER = "";
				SWIFT_VERSION = 2.3;
				TARGETED_DEVICE_FAMILY = "1,2";
			};
			name = Release;
		};
		42D16BA21D92B1290094E457 /* Debug */ = {
			isa = XCBuildConfiguration;
			buildSettings = {
				BUNDLE_LOADER = "$(TEST_HOST)";
				INFOPLIST_FILE = ReactionSDKExampleTests/Info.plist;
				LD_RUNPATH_SEARCH_PATHS = "$(inherited) @executable_path/Frameworks @loader_path/Frameworks";
				PRODUCT_BUNDLE_IDENTIFIER = com.reaction.testapp.ReactionSDKExampleTests;
				PRODUCT_NAME = "$(TARGET_NAME)";
				SWIFT_VERSION = 2.3;
				TEST_HOST = "$(BUILT_PRODUCTS_DIR)/ReactionSDKExample.app/ReactionSDKExample";
			};
			name = Debug;
		};
		42D16BA31D92B1290094E457 /* Release */ = {
			isa = XCBuildConfiguration;
			buildSettings = {
				BUNDLE_LOADER = "$(TEST_HOST)";
				INFOPLIST_FILE = ReactionSDKExampleTests/Info.plist;
				LD_RUNPATH_SEARCH_PATHS = "$(inherited) @executable_path/Frameworks @loader_path/Frameworks";
				PRODUCT_BUNDLE_IDENTIFIER = com.reaction.testapp.ReactionSDKExampleTests;
				PRODUCT_NAME = "$(TARGET_NAME)";
				SWIFT_VERSION = 2.3;
				TEST_HOST = "$(BUILT_PRODUCTS_DIR)/ReactionSDKExample.app/ReactionSDKExample";
			};
			name = Release;
		};
/* End XCBuildConfiguration section */

/* Begin XCConfigurationList section */
		42D16B7C1D92B1290094E457 /* Build configuration list for PBXProject "ReactionSDKExample" */ = {
			isa = XCConfigurationList;
			buildConfigurations = (
				42D16B9C1D92B1290094E457 /* Debug */,
				42D16B9D1D92B1290094E457 /* Release */,
			);
			defaultConfigurationIsVisible = 0;
			defaultConfigurationName = Release;
		};
		42D16B9E1D92B1290094E457 /* Build configuration list for PBXNativeTarget "ReactionSDKExample" */ = {
			isa = XCConfigurationList;
			buildConfigurations = (
				42D16B9F1D92B1290094E457 /* Debug */,
				42D16BA01D92B1290094E457 /* Release */,
			);
			defaultConfigurationIsVisible = 0;
			defaultConfigurationName = Release;
		};
		42D16BA11D92B1290094E457 /* Build configuration list for PBXNativeTarget "ReactionSDKExampleTests" */ = {
			isa = XCConfigurationList;
			buildConfigurations = (
				42D16BA21D92B1290094E457 /* Debug */,
				42D16BA31D92B1290094E457 /* Release */,
			);
			defaultConfigurationIsVisible = 0;
			defaultConfigurationName = Release;
		};
/* End XCConfigurationList section */
	};
	rootObject = 42D16B791D92B1290094E457 /* Project object */;
}
